{
  "name": "worker",
  "version": "1.0.0",
  "lockfileVersion": 1,
  "requires": true,
  "dependencies": {
    "@cloudflare/kv-asset-handler": {
      "version": "0.0.7",
      "resolved": "https://registry.npmjs.org/@cloudflare/kv-asset-handler/-/kv-asset-handler-0.0.7.tgz",
      "integrity": "sha512-aHhinIfI4GGY7Dz1xawwjW+7MFwktERgC03KVs6TOucEhQGmRchU6lLmjKLqhwVK9tfhCYV6O0Nf6nh232AqWw==",
      "requires": {
        "mime": "^2.4.4"
      }
    },
    "@cloudflare/workers-types": {
      "version": "1.0.6",
      "resolved": "https://registry.npmjs.org/@cloudflare/workers-types/-/workers-types-1.0.6.tgz",
      "integrity": "sha512-hmpkFqiRNMkcgUPedOTdM3qIn4sM7k3KvtpmMu0N9mtXlAAFqq44UN8BZp/Ba8vefI8XywS/31ZVpD/bnXIeBA=="
    },
    "mime": {
      "version": "2.4.4",
      "resolved": "https://registry.npmjs.org/mime/-/mime-2.4.4.tgz",
      "integrity": "sha512-LRxmNwziLPT828z+4YkNzloCFC2YM4wrB99k+AV5ZbEyfGNWfG8SO1FUXLmLDBSo89NrJZ4DIWeLjy1CHGhMGA=="
    },
    "ts-binary": {
      "version": "0.8.0",
      "resolved": "https://registry.npmjs.org/ts-binary/-/ts-binary-0.8.0.tgz",
      "integrity": "sha512-T6dTbdseriiuBFLlqwkyyXH7mBG7AGk0DUC/dyLQ7iNuc5UxMCp9caWA0bCiZ+nyJzg4FM0YIXVMdMn+o3flBQ=="
    },
    "ts-binary-types": {
      "version": "0.8.0",
      "resolved": "https://registry.npmjs.org/ts-binary-types/-/ts-binary-types-0.8.0.tgz",
      "integrity": "sha512-Zbyhks7m1YDNfyQoBidRiPz3EedK8ZikuGLiumrRY6n/OVrqEc7ho0PDaRpmr1atpSq4QME9LWkJG8SkA1UC6Q==",
      "requires": {
        "ts-binary": "^0.8.0"
      }
    }
  }
}
